
Microsoft Visual Studio Solution File, Format Version 12.00
# Visual Studio Version 16
VisualStudioVersion = 16.0.30413.136
MinimumVisualStudioVersion = 10.0.40219.1
Project("{151D2E53-A2C4-4D7D-83FE-D05416EBD58E}") = "AzureResourceGroup1", "AzureResourceGroup1\AzureResourceGroup1.deployproj", "{EC1DF215-62AD-49F8-99C3-6C0896A9753D}"
EndProject
Global
	GlobalSection(SolutionConfigurationPlatforms) = preSolution
		Debug|Any CPU = Debug|Any CPU
		Release|Any CPU = Release|Any CPU
	EndGlobalSection
	GlobalSection(ProjectConfigurationPlatforms) = postSolution
		{EC1DF215-62AD-49F8-99C3-6C0896A9753D}.Debug|Any CPU.ActiveCfg = Debug|Any CPU
		{EC1DF215-62AD-49F8-99C3-6C0896A9753D}.Debug|Any CPU.Build.0 = Debug|Any CPU
		{EC1DF215-62AD-49F8-99C3-6C0896A9753D}.Release|Any CPU.ActiveCfg = Release|Any CPU
		{EC1DF215-62AD-49F8-99C3-6C0896A9753D}.Release|Any CPU.Build.0 = Release|Any CPU
	EndGlobalSection
	GlobalSection(SolutionProperties) = preSolution
		HideSolutionNode = FALSE
	EndGlobalSection
	GlobalSection(ExtensibilityGlobals) = postSolution
		SolutionGuid = {95533340-5736-40A8-A0DA-8CE738D02EBD}
	EndGlobalSection
EndGlobal
